GEM
  remote: https://rubygems.org/
  specs:
    bigdecimal (4.1.2)
    google-protobuf (4.36.1)
      bigdecimal
      rake (~> 13.3)
    google-protobuf (4.36.1-aarch64-linux-gnu)
      bigdecimal
      rake (~> 13.3)
    google-protobuf (4.36.1-aarch64-linux-musl)
      bigdecimal
      rake (~> 13.3)
    google-protobuf (4.36.1-arm64-darwin)
      bigdecimal
      rake (~> 13.3)
    google-protobuf (4.36.1-x86-linux-gnu)
      bigdecimal
      rake (~> 13.3)
    google-protobuf (4.36.1-x86-linux-musl)
      bigdecimal
      rake (~> 13.3)
    google-protobuf (4.36.1-x86_64-darwin)
      bigdecimal
      rake (~> 13.3)
    google-protobuf (4.36.1-x86_64-linux-gnu)
      bigdecimal
      rake (~> 13.3)
    google-protobuf (4.36.1-x86_64-linux-musl)
      bigdecimal
      rake (~> 13.3)
    logger (1.7.0)
    rake (13.4.2)
    temporalio (1.8.0)
      google-protobuf (>= 3.25.0)
      logger
    temporalio (1.8.0-aarch64-linux)
      google-protobuf (>= 3.25.0)
      logger
    temporalio (1.8.0-aarch64-linux-musl)
      google-protobuf (>= 3.25.0)
      logger
    temporalio (1.8.0-arm64-darwin)
      google-protobuf (>= 3.25.0)
      logger
    temporalio (1.8.0-x86_64-darwin)
      google-protobuf (>= 3.25.0)
      logger
    temporalio (1.8.0-x86_64-linux)
      google-protobuf (>= 3.25.0)
      logger
    temporalio (1.8.0-x86_64-linux-musl)
      google-protobuf (>= 3.25.0)
      logger

PLATFORMS
  aarch64-linux
  aarch64-linux-gnu
  aarch64-linux-musl
  arm64-darwin
  ruby
  x86-linux-gnu
  x86-linux-musl
  x86_64-darwin
  x86_64-linux
  x86_64-linux-gnu
  x86_64-linux-musl

DEPENDENCIES
  temporalio (~> 1.8)

BUNDLED WITH
   2.7.1
